
Microsoft Visual Studio Solution File, Format Version 10.00
# Visual Studio 2008
Project("{FAE04EC0-301F-11D3-BF4B-00C04F79EFBC}") = "NewH202104", "NewH202104\NewH202104.csproj", "{485605BF-00D1-4367-BE74-3827B81332C7}"
EndProject
Global
	GlobalSection(SolutionConfigurationPlatforms) = preSolution
		Debug|Any CPU = Debug|Any CPU
		Release|Any CPU = Release|Any CPU
	EndGlobalSection
	GlobalSection(ProjectConfigurationPlatforms) = postSolution
		{485605BF-00D1-4367-BE74-3827B81332C7}.Debug|Any CPU.ActiveCfg = Debug|Any CPU
		{485605BF-00D1-4367-BE74-3827B81332C7}.Debug|Any CPU.Build.0 = Debug|Any CPU
		{485605BF-00D1-4367-BE74-3827B81332C7}.Release|Any CPU.ActiveCfg = Release|Any CPU
		{485605BF-00D1-4367-BE74-3827B81332C7}.Release|Any CPU.Build.0 = Release|Any CPU
	EndGlobalSection
	GlobalSection(SolutionProperties) = preSolution
		HideSolutionNode = FALSE
	EndGlobalSection
EndGlobal
